
Microsoft Visual Studio Solution File, Format Version 12.00
# Visual Studio Version 17
VisualStudioVersion = 17.4.33110.190
MinimumVisualStudioVersion = 10.0.40219.1
Project("{FAE04EC0-301F-11D3-BF4B-00C04F79EFBC}") = "ConsoleApp1", "ConsoleApp1\ConsoleApp1.csproj", "{1D4DB696-F026-4F11-B676-D40639A2538B}"
EndProject
Project("{2150E333-8FDC-42A3-9474-1A3956D46DE8}") = "Solution Items", "Solution Items", "{377BFEFC-EB60-441D-A038-349088AA1D0F}"
	ProjectSection(SolutionItems) = preProject
		Class1.cs = Class1.cs
	EndProjectSection
EndProject
Global
	GlobalSection(SolutionConfigurationPlatforms) = preSolution
		Debug|Any CPU = Debug|Any CPU
		Release|Any CPU = Release|Any CPU
	EndGlobalSection
	GlobalSection(ProjectConfigurationPlatforms) = postSolution
		{1D4DB696-F026-4F11-B676-D40639A2538B}.Debug|Any CPU.ActiveCfg = Debug|Any CPU
		{1D4DB696-F026-4F11-B676-D40639A2538B}.Debug|Any CPU.Build.0 = Debug|Any CPU
		{1D4DB696-F026-4F11-B676-D40639A2538B}.Release|Any CPU.ActiveCfg = Release|Any CPU
		{1D4DB696-F026-4F11-B676-D40639A2538B}.Release|Any CPU.Build.0 = Release|Any CPU
	EndGlobalSection
	GlobalSection(SolutionProperties) = preSolution
		HideSolutionNode = FALSE
	EndGlobalSection
	GlobalSection(ExtensibilityGlobals) = postSolution
		SolutionGuid = {AC538897-CFFC-4470-BAE1-051162DBF886}
	EndGlobalSection
EndGlobal
